// !$*UTF8*$!
{
	archiveVersion = 1;
	classes = {
	};
	objectVersion = 46;
	objects = {

/* Begin PBXBuildFile section */
		775B46831CF8639E00CA0C13 /* Employ+CoreDataProperties.swift in Sources */ = {isa = PBXBuildFile; fileRef = 775B467F1CF8639E00CA0C13 /* Employ+CoreDataProperties.swift */; };
		775B46841CF8639E00CA0C13 /* Employ+CoreDataProperties.swift in Sources */ = {isa = PBXBuildFile; fileRef = 775B467F1CF8639E00CA0C13 /* Employ+CoreDataProperties.swift */; };
		775B46851CF8639E00CA0C13 /* Employ+CoreDataProperties.swift in Sources */ = {isa = PBXBuildFile; fileRef = 775B467F1CF8639E00CA0C13 /* Employ+CoreDataProperties.swift */; };
		775B46861CF8639E00CA0C13 /* Employ.swift in Sources */ = {isa = PBXBuildFile; fileRef = 775B46801CF8639E00CA0C13 /* Employ.swift */; };
		775B46871CF8639E00CA0C13 /* Employ.swift in Sources */ = {isa = PBXBuildFile; fileRef = 775B46801CF8639E00CA0C13 /* Employ.swift */; };
		775B46881CF8639E00CA0C13 /* Employ.swift in Sources */ = {isa = PBXBuildFile; fileRef = 775B46801CF8639E00CA0C13 /* Employ.swift */; };
		775B46891CF8639E00CA0C13 /* Odc+CoreDataProperties.swift in Sources */ = {isa = PBXBuildFile; fileRef = 775B46811CF8639E00CA0C13 /* Odc+CoreDataProperties.swift */; };
		775B468A1CF8639E00CA0C13 /* Odc+CoreDataProperties.swift in Sources */ = {isa = PBXBuildFile; fileRef = 775B46811CF8639E00CA0C13 /* Odc+CoreDataProperties.swift */; };
		775B468B1CF8639E00CA0C13 /* Odc+CoreDataProperties.swift in Sources */ = {isa = PBXBuildFile; fileRef = 775B46811CF8639E00CA0C13 /* Odc+CoreDataProperties.swift */; };
		775B468C1CF8639E00CA0C13 /* Odc.swift in Sources */ = {isa = PBXBuildFile; fileRef = 775B46821CF8639E00CA0C13 /* Odc.swift */; };
		775B468D1CF8639E00CA0C13 /* Odc.swift in Sources */ = {isa = PBXBuildFile; fileRef = 775B46821CF8639E00CA0C13 /* Odc.swift */; };
		775B468E1CF8639E00CA0C13 /* Odc.swift in Sources */ = {isa = PBXBuildFile; fileRef = 775B46821CF8639E00CA0C13 /* Odc.swift */; };
		775B46901CF874CD00CA0C13 /* NewODCViewController.swift in Sources */ = {isa = PBXBuildFile; fileRef = 775B468F1CF874CD00CA0C13 /* NewODCViewController.swift */; };
		775B46911CF874CD00CA0C13 /* NewODCViewController.swift in Sources */ = {isa = PBXBuildFile; fileRef = 775B468F1CF874CD00CA0C13 /* NewODCViewController.swift */; };
		775B46921CF874CD00CA0C13 /* NewODCViewController.swift in Sources */ = {isa = PBXBuildFile; fileRef = 775B468F1CF874CD00CA0C13 /* NewODCViewController.swift */; };
		7761004C1CF73C6300206516 /* ViewController.swift in Sources */ = {isa = PBXBuildFile; fileRef = 77693E5C1CF6CE9700007473 /* ViewController.swift */; };
		7761004D1CF73C6300206516 /* ViewController.swift in Sources */ = {isa = PBXBuildFile; fileRef = 77693E5C1CF6CE9700007473 /* ViewController.swift */; };
		77693E5B1CF6CE9700007473 /* AppDelegate.swift in Sources */ = {isa = PBXBuildFile; fileRef = 77693E5A1CF6CE9700007473 /* AppDelegate.swift */; };
		77693E5D1CF6CE9700007473 /* ViewController.swift in Sources */ = {isa = PBXBuildFile; fileRef = 77693E5C1CF6CE9700007473 /* ViewController.swift */; };
		77693E601CF6CE9700007473 /* Main.storyboard in Resources */ = {isa = PBXBuildFile; fileRef = 77693E5E1CF6CE9700007473 /* Main.storyboard */; };
		77693E631CF6CE9800007473 /* SeatAllocation.xcdatamodeld in Sources */ = {isa = PBXBuildFile; fileRef = 77693E611CF6CE9800007473 /* SeatAllocation.xcdatamodeld */; };
		77693E651CF6CE9800007473 /* Assets.xcassets in Resources */ = {isa = PBXBuildFile; fileRef = 77693E641CF6CE9800007473 /* Assets.xcassets */; };
		77693E681CF6CE9800007473 /* LaunchScreen.storyboard in Resources */ = {isa = PBXBuildFile; fileRef = 77693E661CF6CE9800007473 /* LaunchScreen.storyboard */; };
		77693E731CF6CE9800007473 /* SeatAllocationTests.swift in Sources */ = {isa = PBXBuildFile; fileRef = 77693E721CF6CE9800007473 /* SeatAllocationTests.swift */; };
		77693E7E1CF6CE9800007473 /* SeatAllocationUITests.swift in Sources */ = {isa = PBXBuildFile; fileRef = 77693E7D1CF6CE9800007473 /* SeatAllocationUITests.swift */; };
		77693E8C1CF6DFB800007473 /* MultpleLineFlowLayout.swift in Sources */ = {isa = PBXBuildFile; fileRef = 77693E8B1CF6DFB800007473 /* MultpleLineFlowLayout.swift */; };
		77693E8D1CF6DFB800007473 /* MultpleLineFlowLayout.swift in Sources */ = {isa = PBXBuildFile; fileRef = 77693E8B1CF6DFB800007473 /* MultpleLineFlowLayout.swift */; };
		77693E8E1CF6DFB800007473 /* MultpleLineFlowLayout.swift in Sources */ = {isa = PBXBuildFile; fileRef = 77693E8B1CF6DFB800007473 /* MultpleLineFlowLayout.swift */; };
		77693E941CF6FA8D00007473 /* seatLayoutCell.swift in Sources */ = {isa = PBXBuildFile; fileRef = 77693E931CF6FA8D00007473 /* seatLayoutCell.swift */; };
		77693E951CF6FA8D00007473 /* seatLayoutCell.swift in Sources */ = {isa = PBXBuildFile; fileRef = 77693E931CF6FA8D00007473 /* seatLayoutCell.swift */; };
		77693E961CF6FA8D00007473 /* seatLayoutCell.swift in Sources */ = {isa = PBXBuildFile; fileRef = 77693E931CF6FA8D00007473 /* seatLayoutCell.swift */; };
		77693E981CF7085800007473 /* SeatDetailsViewController.swift in Sources */ = {isa = PBXBuildFile; fileRef = 77693E971CF7085800007473 /* SeatDetailsViewController.swift */; };
		77693E991CF7085800007473 /* SeatDetailsViewController.swift in Sources */ = {isa = PBXBuildFile; fileRef = 77693E971CF7085800007473 /* SeatDetailsViewController.swift */; };
		77693E9A1CF7085800007473 /* SeatDetailsViewController.swift in Sources */ = {isa = PBXBuildFile; fileRef = 77693E971CF7085800007473 /* SeatDetailsViewController.swift */; };
		77FC446F1CFC536500CD5B98 /* CoredataDataCotroller.swift in Sources */ = {isa = PBXBuildFile; fileRef = 77FC446E1CFC536500CD5B98 /* CoredataDataCotroller.swift */; };
		77FC44701CFC536500CD5B98 /* CoredataDataCotroller.swift in Sources */ = {isa = PBXBuildFile; fileRef = 77FC446E1CFC536500CD5B98 /* CoredataDataCotroller.swift */; };
		77FC44711CFC536500CD5B98 /* CoredataDataCotroller.swift in Sources */ = {isa = PBXBuildFile; fileRef = 77FC446E1CFC536500CD5B98 /* CoredataDataCotroller.swift */; };
/* End PBXBuildFile section */

/* Begin PBXContainerItemProxy section */
		77693E6F1CF6CE9800007473 /* PBXContainerItemProxy */ = {
			isa = PBXContainerItemProxy;
			containerPortal = 77693E4F1CF6CE9700007473 /* Project object */;
			proxyType = 1;
			remoteGlobalIDString = 77693E561CF6CE9700007473;
			remoteInfo = SeatAllocation;
		};
		77693E7A1CF6CE9800007473 /* PBXContainerItemProxy */ = {
			isa = PBXContainerItemProxy;
			containerPortal = 77693E4F1CF6CE9700007473 /* Project object */;
			proxyType = 1;
			remoteGlobalIDString = 77693E561CF6CE9700007473;
			remoteInfo = SeatAllocation;
		};
/* End PBXContainerItemProxy section */

/* Begin PBXFileReference section */
		775B467F1CF8639E00CA0C13 /* Employ+CoreDataProperties.swift */ = {isa = PBXFileReference; fileEncoding = 4; lastKnownFileType = sourcecode.swift; path = "Employ+CoreDataProperties.swift"; sourceTree = "<group>"; };
		775B46801CF8639E00CA0C13 /* Employ.swift */ = {isa = PBXFileReference; fileEncoding = 4; lastKnownFileType = sourcecode.swift; path = Employ.swift; sourceTree = "<group>"; };
		775B46811CF8639E00CA0C13 /* Odc+CoreDataProperties.swift */ = {isa = PBXFileReference; fileEncoding = 4; lastKnownFileType = sourcecode.swift; path = "Odc+CoreDataProperties.swift"; sourceTree = "<group>"; };
		775B46821CF8639E00CA0C13 /* Odc.swift */ = {isa = PBXFileReference; fileEncoding = 4; lastKnownFileType = sourcecode.swift; path = Odc.swift; sourceTree = "<group>"; };
		775B468F1CF874CD00CA0C13 /* NewODCViewController.swift */ = {isa = PBXFileReference; fileEncoding = 4; lastKnownFileType = sourcecode.swift; path = NewODCViewController.swift; sourceTree = "<group>"; };
		77693E571CF6CE9700007473 /* SeatAllocation.app */ = {isa = PBXFileReference; explicitFileType = wrapper.application; includeInIndex = 0; path = SeatAllocation.app; sourceTree = BUILT_PRODUCTS_DIR; };
		77693E5A1CF6CE9700007473 /* AppDelegate.swift */ = {isa = PBXFileReference; lastKnownFileType = sourcecode.swift; path = AppDelegate.swift; sourceTree = "<group>"; };
		77693E5C1CF6CE9700007473 /* ViewController.swift */ = {isa = PBXFileReference; lastKnownFileType = sourcecode.swift; path = ViewController.swift; sourceTree = "<group>"; };
		77693E5F1CF6CE9700007473 /* Base */ = {isa = PBXFileReference; lastKnownFileType = file.storyboard; name = Base; path = Base.lproj/Main.storyboard; sourceTree = "<group>"; };
		77693E621CF6CE9800007473 /* SeatAllocation.xcdatamodel */ = {isa = PBXFileReference; lastKnownFileType = wrapper.xcdatamodel; path = SeatAllocation.xcdatamodel; sourceTree = "<group>"; };
		77693E641CF6CE9800007473 /* Assets.xcassets */ = {isa = PBXFileReference; lastKnownFileType = folder.assetcatalog; path = Assets.xcassets; sourceTree = "<group>"; };
		77693E671CF6CE9800007473 /* Base */ = {isa = PBXFileReference; lastKnownFileType = file.storyboard; name = Base; path = Base.lproj/LaunchScreen.storyboard; sourceTree = "<group>"; };
		77693E691CF6CE9800007473 /* Info.plist */ = {isa = PBXFileReference; lastKnownFileType = text.plist.xml; path = Info.plist; sourceTree = "<group>"; };
		77693E6E1CF6CE9800007473 /* SeatAllocationTests.xctest */ = {isa = PBXFileReference; explicitFileType = wrapper.cfbundle; includeInIndex = 0; path = SeatAllocationTests.xctest; sourceTree = BUILT_PRODUCTS_DIR; };
		77693E721CF6CE9800007473 /* SeatAllocationTests.swift */ = {isa = PBXFileReference; lastKnownFileType = sourcecode.swift; path = SeatAllocationTests.swift; sourceTree = "<group>"; };
		77693E741CF6CE9800007473 /* Info.plist */ = {isa = PBXFileReference; lastKnownFileType = text.plist.xml; path = Info.plist; sourceTree = "<group>"; };
		77693E791CF6CE9800007473 /* SeatAllocationUITests.xctest */ = {isa = PBXFileReference; explicitFileType = wrapper.cfbundle; includeInIndex = 0; path = SeatAllocationUITests.xctest; sourceTree = BUILT_PRODUCTS_DIR; };
		77693E7D1CF6CE9800007473 /* SeatAllocationUITests.swift */ = {isa = PBXFileReference; lastKnownFileType = sourcecode.swift; path = SeatAllocationUITests.swift; sourceTree = "<group>"; };
		77693E7F1CF6CE9800007473 /* Info.plist */ = {isa = PBXFileReference; lastKnownFileType = text.plist.xml; path = Info.plist; sourceTree = "<group>"; };
		77693E8B1CF6DFB800007473 /* MultpleLineFlowLayout.swift */ = {isa = PBXFileReference; fileEncoding = 4; lastKnownFileType = sourcecode.swift; path = MultpleLineFlowLayout.swift; sourceTree = "<group>"; };
		77693E931CF6FA8D00007473 /* seatLayoutCell.swift */ = {isa = PBXFileReference; fileEncoding = 4; lastKnownFileType = sourcecode.swift; path = seatLayoutCell.swift; sourceTree = "<group>"; };
		77693E971CF7085800007473 /* SeatDetailsViewController.swift */ = {isa = PBXFileReference; fileEncoding = 4; lastKnownFileType = sourcecode.swift; path = SeatDetailsViewController.swift; sourceTree = "<group>"; };
		77FC446E1CFC536500CD5B98 /* CoredataDataCotroller.swift */ = {isa = PBXFileReference; fileEncoding = 4; lastKnownFileType = sourcecode.swift; path = CoredataDataCotroller.swift; sourceTree = "<group>"; };
/* End PBXFileReference section */

/* Begin PBXFrameworksBuildPhase section */
		77693E541CF6CE9700007473 /* Frameworks */ = {
			isa = PBXFrameworksBuildPhase;
			buildActionMask = 2147483647;
			files = (
			);
			runOnlyForDeploymentPostprocessing = 0;
		};
		77693E6B1CF6CE9800007473 /* Frameworks */ = {
			isa = PBXFrameworksBuildPhase;
			buildActionMask = 2147483647;
			files = (
			);
			runOnlyForDeploymentPostprocessing = 0;
		};
		77693E761CF6CE9800007473 /* Frameworks */ = {
			isa = PBXFrameworksBuildPhase;
			buildActionMask = 2147483647;
			files = (
			);
			runOnlyForDeploymentPostprocessing = 0;
		};
/* End PBXFrameworksBuildPhase section */

/* Begin PBXGroup section */
		77693E4E1CF6CE9700007473 = {
			isa = PBXGroup;
			children = (
				77693E591CF6CE9700007473 /* SeatAllocation */,
				77693E711CF6CE9800007473 /* SeatAllocationTests */,
				77693E7C1CF6CE9800007473 /* SeatAllocationUITests */,
				77693E581CF6CE9700007473 /* Products */,
			);
			sourceTree = "<group>";
		};
		77693E581CF6CE9700007473 /* Products */ = {
			isa = PBXGroup;
			children = (
				77693E571CF6CE9700007473 /* SeatAllocation.app */,
				77693E6E1CF6CE9800007473 /* SeatAllocationTests.xctest */,
				77693E791CF6CE9800007473 /* SeatAllocationUITests.xctest */,
			);
			name = Products;
			sourceTree = "<group>";
		};
		77693E591CF6CE9700007473 /* SeatAllocation */ = {
			isa = PBXGroup;
			children = (
				775B467F1CF8639E00CA0C13 /* Employ+CoreDataProperties.swift */,
				775B46801CF8639E00CA0C13 /* Employ.swift */,
				775B46811CF8639E00CA0C13 /* Odc+CoreDataProperties.swift */,
				775B46821CF8639E00CA0C13 /* Odc.swift */,
				77693E5A1CF6CE9700007473 /* AppDelegate.swift */,
				77693E8B1CF6DFB800007473 /* MultpleLineFlowLayout.swift */,
				77693E5C1CF6CE9700007473 /* ViewController.swift */,
				77693E931CF6FA8D00007473 /* seatLayoutCell.swift */,
				77693E5E1CF6CE9700007473 /* Main.storyboard */,
				77693E641CF6CE9800007473 /* Assets.xcassets */,
				77693E661CF6CE9800007473 /* LaunchScreen.storyboard */,
				77693E691CF6CE9800007473 /* Info.plist */,
				77693E611CF6CE9800007473 /* SeatAllocation.xcdatamodeld */,
				77693E971CF7085800007473 /* SeatDetailsViewController.swift */,
				775B468F1CF874CD00CA0C13 /* NewODCViewController.swift */,
				77FC446E1CFC536500CD5B98 /* CoredataDataCotroller.swift */,
			);
			path = SeatAllocation;
			sourceTree = "<group>";
		};
		77693E711CF6CE9800007473 /* SeatAllocationTests */ = {
			isa = PBXGroup;
			children = (
				77693E721CF6CE9800007473 /* SeatAllocationTests.swift */,
				77693E741CF6CE9800007473 /* Info.plist */,
			);
			path = SeatAllocationTests;
			sourceTree = "<group>";
		};
		77693E7C1CF6CE9800007473 /* SeatAllocationUITests */ = {
			isa = PBXGroup;
			children = (
				77693E7D1CF6CE9800007473 /* SeatAllocationUITests.swift */,
				77693E7F1CF6CE9800007473 /* Info.plist */,
			);
			path = SeatAllocationUITests;
			sourceTree = "<group>";
		};
/* End PBXGroup section */

/* Begin PBXNativeTarget section */
		77693E561CF6CE9700007473 /* SeatAllocation */ = {
			isa = PBXNativeTarget;
			buildConfigurationList = 77693E821CF6CE9800007473 /* Build configuration list for PBXNativeTarget "SeatAllocation" */;
			buildPhases = (
				77693E531CF6CE9700007473 /* Sources */,
				77693E541CF6CE9700007473 /* Frameworks */,
				77693E551CF6CE9700007473 /* Resources */,
			);
			buildRules = (
			);
			dependencies = (
			);
			name = SeatAllocation;
			productName = SeatAllocation;
			productReference = 77693E571CF6CE9700007473 /* SeatAllocation.app */;
			productType = "com.apple.product-type.application";
		};
		77693E6D1CF6CE9800007473 /* SeatAllocationTests */ = {
			isa = PBXNativeTarget;
			buildConfigurationList = 77693E851CF6CE9800007473 /* Build configuration list for PBXNativeTarget "SeatAllocationTests" */;
			buildPhases = (
				77693E6A1CF6CE9800007473 /* Sources */,
				77693E6B1CF6CE9800007473 /* Frameworks */,
				77693E6C1CF6CE9800007473 /* Resources */,
			);
			buildRules = (
			);
			dependencies = (
				77693E701CF6CE9800007473 /* PBXTargetDependency */,
			);
			name = SeatAllocationTests;
			productName = SeatAllocationTests;
			productReference = 77693E6E1CF6CE9800007473 /* SeatAllocationTests.xctest */;
			productType = "com.apple.product-type.bundle.unit-test";
		};
		77693E781CF6CE9800007473 /* SeatAllocationUITests */ = {
			isa = PBXNativeTarget;
			buildConfigurationList = 77693E881CF6CE9800007473 /* Build configuration list for PBXNativeTarget "SeatAllocationUITests" */;
			buildPhases = (
				77693E751CF6CE9800007473 /* Sources */,
				77693E761CF6CE9800007473 /* Frameworks */,
				77693E771CF6CE9800007473 /* Resources */,
			);
			buildRules = (
			);
			dependencies = (
				77693E7B1CF6CE9800007473 /* PBXTargetDependency */,
			);
			name = SeatAllocationUITests;
			productName = SeatAllocationUITests;
			productReference = 77693E791CF6CE9800007473 /* SeatAllocationUITests.xctest */;
			productType = "com.apple.product-type.bundle.ui-testing";
		};
/* End PBXNativeTarget section */

/* Begin PBXProject section */
		77693E4F1CF6CE9700007473 /* Project object */ = {
			isa = PBXProject;
			attributes = {
				LastSwiftUpdateCheck = 0730;
				LastUpgradeCheck = 0730;
				ORGANIZATIONNAME = Cognizant;
				TargetAttributes = {
					77693E561CF6CE9700007473 = {
						CreatedOnToolsVersion = 7.3.1;
					};
					77693E6D1CF6CE9800007473 = {
						CreatedOnToolsVersion = 7.3.1;
						TestTargetID = 77693E561CF6CE9700007473;
					};
					77693E781CF6CE9800007473 = {
						CreatedOnToolsVersion = 7.3.1;
						TestTargetID = 77693E561CF6CE9700007473;
					};
				};
			};
			buildConfigurationList = 77693E521CF6CE9700007473 /* Build configuration list for PBXProject "SeatAllocation" */;
			compatibilityVersion = "Xcode 3.2";
			developmentRegion = English;
			hasScannedForEncodings = 0;
			knownRegions = (
				en,
				Base,
			);
			mainGroup = 77693E4E1CF6CE9700007473;
			productRefGroup = 77693E581CF6CE9700007473 /* Products */;
			projectDirPath = "";
			projectRoot = "";
			targets = (
				77693E561CF6CE9700007473 /* SeatAllocation */,
				77693E6D1CF6CE9800007473 /* SeatAllocationTests */,
				77693E781CF6CE9800007473 /* SeatAllocationUITests */,
			);
		};
/* End PBXProject section */

/* Begin PBXResourcesBuildPhase section */
		77693E551CF6CE9700007473 /* Resources */ = {
			isa = PBXResourcesBuildPhase;
			buildActionMask = 2147483647;
			files = (
				77693E681CF6CE9800007473 /* LaunchScreen.storyboard in Resources */,
				77693E651CF6CE9800007473 /* Assets.xcassets in Resources */,
				77693E601CF6CE9700007473 /* Main.storyboard in Resources */,
			);
			runOnlyForDeploymentPostprocessing = 0;
		};
		77693E6C1CF6CE9800007473 /* Resources */ = {
			isa = PBXResourcesBuildPhase;
			buildActionMask = 2147483647;
			files = (
			);
			runOnlyForDeploymentPostprocessing = 0;
		};
		77693E771CF6CE9800007473 /* Resources */ = {
			isa = PBXResourcesBuildPhase;
			buildActionMask = 2147483647;
			files = (
			);
			runOnlyForDeploymentPostprocessing = 0;
		};
/* End PBXResourcesBuildPhase section */

/* Begin PBXSourcesBuildPhase section */
		77693E531CF6CE9700007473 /* Sources */ = {
			isa = PBXSourcesBuildPhase;
			buildActionMask = 2147483647;
			files = (
				77693E981CF7085800007473 /* SeatDetailsViewController.swift in Sources */,
				77693E5D1CF6CE9700007473 /* ViewController.swift in Sources */,
				775B46891CF8639E00CA0C13 /* Odc+CoreDataProperties.swift in Sources */,
				77693E5B1CF6CE9700007473 /* AppDelegate.swift in Sources */,
				77693E631CF6CE9800007473 /* SeatAllocation.xcdatamodeld in Sources */,
				77FC446F1CFC536500CD5B98 /* CoredataDataCotroller.swift in Sources */,
				77693E941CF6FA8D00007473 /* seatLayoutCell.swift in Sources */,
				775B46861CF8639E00CA0C13 /* Employ.swift in Sources */,
				77693E8C1CF6DFB800007473 /* MultpleLineFlowLayout.swift in Sources */,
				775B46901CF874CD00CA0C13 /* NewODCViewController.swift in Sources */,
				775B468C1CF8639E00CA0C13 /* Odc.swift in Sources */,
				775B46831CF8639E00CA0C13 /* Employ+CoreDataProperties.swift in Sources */,
			);
			runOnlyForDeploymentPostprocessing = 0;
		};
		77693E6A1CF6CE9800007473 /* Sources */ = {
			isa = PBXSourcesBuildPhase;
			buildActionMask = 2147483647;
			files = (
				775B468A1CF8639E00CA0C13 /* Odc+CoreDataProperties.swift in Sources */,
				77FC44701CFC536500CD5B98 /* CoredataDataCotroller.swift in Sources */,
				7761004C1CF73C6300206516 /* ViewController.swift in Sources */,
				77693E991CF7085800007473 /* SeatDetailsViewController.swift in Sources */,
				77693E951CF6FA8D00007473 /* seatLayoutCell.swift in Sources */,
				775B46911CF874CD00CA0C13 /* NewODCViewController.swift in Sources */,
				775B46841CF8639E00CA0C13 /* Employ+CoreDataProperties.swift in Sources */,
				775B468D1CF8639E00CA0C13 /* Odc.swift in Sources */,
				775B46871CF8639E00CA0C13 /* Employ.swift in Sources */,
				77693E731CF6CE9800007473 /* SeatAllocationTests.swift in Sources */,
				77693E8D1CF6DFB800007473 /* MultpleLineFlowLayout.swift in Sources */,
			);
			runOnlyForDeploymentPostprocessing = 0;
		};
		77693E751CF6CE9800007473 /* Sources */ = {
			isa = PBXSourcesBuildPhase;
			buildActionMask = 2147483647;
			files = (
				775B468B1CF8639E00CA0C13 /* Odc+CoreDataProperties.swift in Sources */,
				77FC44711CFC536500CD5B98 /* CoredataDataCotroller.swift in Sources */,
				7761004D1CF73C6300206516 /* ViewController.swift in Sources */,
				77693E9A1CF7085800007473 /* SeatDetailsViewController.swift in Sources */,
				77693E961CF6FA8D00007473 /* seatLayoutCell.swift in Sources */,
				775B46921CF874CD00CA0C13 /* NewODCViewController.swift in Sources */,
				775B46851CF8639E00CA0C13 /* Employ+CoreDataProperties.swift in Sources */,
				775B468E1CF8639E00CA0C13 /* Odc.swift in Sources */,
				775B46881CF8639E00CA0C13 /* Employ.swift in Sources */,
				77693E7E1CF6CE9800007473 /* SeatAllocationUITests.swift in Sources */,
				77693E8E1CF6DFB800007473 /* MultpleLineFlowLayout.swift in Sources */,
			);
			runOnlyForDeploymentPostprocessing = 0;
		};
/* End PBXSourcesBuildPhase section */

/* Begin PBXTargetDependency section */
		77693E701CF6CE9800007473 /* PBXTargetDependency */ = {
			isa = PBXTargetDependency;
			target = 77693E561CF6CE9700007473 /* SeatAllocation */;
			targetProxy = 77693E6F1CF6CE9800007473 /* PBXContainerItemProxy */;
		};
		77693E7B1CF6CE9800007473 /* PBXTargetDependency */ = {
			isa = PBXTargetDependency;
			target = 77693E561CF6CE9700007473 /* SeatAllocation */;
			targetProxy = 77693E7A1CF6CE9800007473 /* PBXContainerItemProxy */;
		};
/* End PBXTargetDependency section */

/* Begin PBXVariantGroup section */
		77693E5E1CF6CE9700007473 /* Main.storyboard */ = {
			isa = PBXVariantGroup;
			children = (
				77693E5F1CF6CE9700007473 /* Base */,
			);
			name = Main.storyboard;
			sourceTree = "<group>";
		};
		77693E661CF6CE9800007473 /* LaunchScreen.storyboard */ = {
			isa = PBXVariantGroup;
			children = (
				77693E671CF6CE9800007473 /* Base */,
			);
			name = LaunchScreen.storyboard;
			sourceTree = "<group>";
		};
/* End PBXVariantGroup section */

/* Begin XCBuildConfiguration section */
		77693E801CF6CE9800007473 /* Debug */ = {
			isa = XCBuildConfiguration;
			buildSettings = {
				ALWAYS_SEARCH_USER_PATHS = NO;
				CLANG_ANALYZER_NONNULL = YES;
				CLANG_CXX_LANGUAGE_STANDARD = "gnu++0x";
				CLANG_CXX_LIBRARY = "libc++";
				CLANG_ENABLE_MODULES = YES;
				CLANG_ENABLE_OBJC_ARC = YES;
				CLANG_WARN_BOOL_CONVERSION = YES;
				CLANG_WARN_CONSTANT_CONVERSION = YES;
				CLANG_WARN_DIRECT_OBJC_ISA_USAGE = YES_ERROR;
				CLANG_WARN_EMPTY_BODY = YES;
				CLANG_WARN_ENUM_CONVERSION = YES;
				CLANG_WARN_INT_CONVERSION = YES;
				CLANG_WARN_OBJC_ROOT_CLASS = YES_ERROR;
				CLANG_WARN_UNREACHABLE_CODE = YES;
				CLANG_WARN__DUPLICATE_METHOD_MATCH = YES;
				"CODE_SIGN_IDENTITY[sdk=iphoneos*]" = "iPhone Developer";
				COPY_PHASE_STRIP = NO;
				DEBUG_INFORMATION_FORMAT = dwarf;
				ENABLE_STRICT_OBJC_MSGSEND = YES;
				ENABLE_TESTABILITY = YES;
				GCC_C_LANGUAGE_STANDARD = gnu99;
				GCC_DYNAMIC_NO_PIC = NO;
				GCC_NO_COMMON_BLOCKS = YES;
				GCC_OPTIMIZATION_LEVEL = 0;
				GCC_PREPROCESSOR_DEFINITIONS = (
					"DEBUG=1",
					"$(inherited)",
				);
				GCC_WARN_64_TO_32_BIT_CONVERSION = YES;
				GCC_WARN_ABOUT_RETURN_TYPE = YES_ERROR;
				GCC_WARN_UNDECLARED_SELECTOR = YES;
				GCC_WARN_UNINITIALIZED_AUTOS = YES_AGGRESSIVE;
				GCC_WARN_UNUSED_FUNCTION = YES;
				GCC_WARN_UNUSED_VARIABLE = YES;
				IPHONEOS_DEPLOYMENT_TARGET = 9.3;
				MTL_ENABLE_DEBUG_INFO = YES;
				ONLY_ACTIVE_ARCH = YES;
				SDKROOT = iphoneos;
				SWIFT_OPTIMIZATION_LEVEL = "-Onone";
				TARGETED_DEVICE_FAMILY = "1,2";
			};
			name = Debug;
		};
		77693E811CF6CE9800007473 /* Release */ = {
			isa = XCBuildConfiguration;
			buildSettings = {
				ALWAYS_SEARCH_USER_PATHS = NO;
				CLANG_ANALYZER_NONNULL = YES;
				CLANG_CXX_LANGUAGE_STANDARD = "gnu++0x";
				CLANG_CXX_LIBRARY = "libc++";
				CLANG_ENABLE_MODULES = YES;
				CLANG_ENABLE_OBJC_ARC = YES;
				CLANG_WARN_BOOL_CONVERSION = YES;
				CLANG_WARN_CONSTANT_CONVERSION = YES;
				CLANG_WARN_DIRECT_OBJC_ISA_USAGE = YES_ERROR;
				CLANG_WARN_EMPTY_BODY = YES;
				CLANG_WARN_ENUM_CONVERSION = YES;
				CLANG_WARN_INT_CONVERSION = YES;
				CLANG_WARN_OBJC_ROOT_CLASS = YES_ERROR;
				CLANG_WARN_UNREACHABLE_CODE = YES;
				CLANG_WARN__DUPLICATE_METHOD_MATCH = YES;
				"CODE_SIGN_IDENTITY[sdk=iphoneos*]" = "iPhone Developer";
				COPY_PHASE_STRIP = NO;
				DEBUG_INFORMATION_FORMAT = "dwarf-with-dsym";
				ENABLE_NS_ASSERTIONS = NO;
				ENABLE_STRICT_OBJC_MSGSEND = YES;
				GCC_C_LANGUAGE_STANDARD = gnu99;
				GCC_NO_COMMON_BLOCKS = YES;
				GCC_WARN_64_TO_32_BIT_CONVERSION = YES;
				GCC_WARN_ABOUT_RETURN_TYPE = YES_ERROR;
				GCC_WARN_UNDECLARED_SELECTOR = YES;
				GCC_WARN_UNINITIALIZED_AUTOS = YES_AGGRESSIVE;
				GCC_WARN_UNUSED_FUNCTION = YES;
				GCC_WARN_UNUSED_VARIABLE = YES;
				IPHONEOS_DEPLOYMENT_TARGET = 9.3;
				MTL_ENABLE_DEBUG_INFO = NO;
				SDKROOT = iphoneos;
				TARGETED_DEVICE_FAMILY = "1,2";
				VALIDATE_PRODUCT = YES;
			};
			name = Release;
		};
		77693E831CF6CE9800007473 /* Debug */ = {
			isa = XCBuildConfiguration;
			buildSettings = {
				ASSETCATALOG_COMPILER_APPICON_NAME = AppIcon;
				INFOPLIST_FILE = SeatAllocation/Info.plist;
				LD_RUNPATH_SEARCH_PATHS = "$(inherited) @executable_path/Frameworks";
				PRODUCT_BUNDLE_IDENTIFIER = com.cts.apps.SeatAllocation;
				PRODUCT_NAME = "$(TARGET_NAME)";
			};
			name = Debug;
		};
		77693E841CF6CE9800007473 /* Release */ = {
			isa = XCBuildConfiguration;
			buildSettings = {
				ASSETCATALOG_COMPILER_APPICON_NAME = AppIcon;
				INFOPLIST_FILE = SeatAllocation/Info.plist;
				LD_RUNPATH_SEARCH_PATHS = "$(inherited) @executable_path/Frameworks";
				PRODUCT_BUNDLE_IDENTIFIER = com.cts.apps.SeatAllocation;
				PRODUCT_NAME = "$(TARGET_NAME)";
			};
			name = Release;
		};
		77693E861CF6CE9800007473 /* Debug */ = {
			isa = XCBuildConfiguration;
			buildSettings = {
				BUNDLE_LOADER = "$(TEST_HOST)";
				INFOPLIST_FILE = SeatAllocationTests/Info.plist;
				LD_RUNPATH_SEARCH_PATHS = "$(inherited) @executable_path/Frameworks @loader_path/Frameworks";
				PRODUCT_BUNDLE_IDENTIFIER = com.cts.apps.SeatAllocationTests;
				PRODUCT_NAME = "$(TARGET_NAME)";
				TEST_HOST = "$(BUILT_PRODUCTS_DIR)/SeatAllocation.app/SeatAllocation";
			};
			name = Debug;
		};
		77693E871CF6CE9800007473 /* Release */ = {
			isa = XCBuildConfiguration;
			buildSettings = {
				BUNDLE_LOADER = "$(TEST_HOST)";
				INFOPLIST_FILE = SeatAllocationTests/Info.plist;
				LD_RUNPATH_SEARCH_PATHS = "$(inherited) @executable_path/Frameworks @loader_path/Frameworks";
				PRODUCT_BUNDLE_IDENTIFIER = com.cts.apps.SeatAllocationTests;
				PRODUCT_NAME = "$(TARGET_NAME)";
				TEST_HOST = "$(BUILT_PRODUCTS_DIR)/SeatAllocation.app/SeatAllocation";
			};
			name = Release;
		};
		77693E891CF6CE9800007473 /* Debug */ = {
			isa = XCBuildConfiguration;
			buildSettings = {
				INFOPLIST_FILE = SeatAllocationUITests/Info.plist;
				LD_RUNPATH_SEARCH_PATHS = "$(inherited) @executable_path/Frameworks @loader_path/Frameworks";
				PRODUCT_BUNDLE_IDENTIFIER = com.cts.apps.SeatAllocationUITests;
				PRODUCT_NAME = "$(TARGET_NAME)";
				TEST_TARGET_NAME = SeatAllocation;
			};
			name = Debug;
		};
		77693E8A1CF6CE9800007473 /* Release */ = {
			isa = XCBuildConfiguration;
			buildSettings = {
				INFOPLIST_FILE = SeatAllocationUITests/Info.plist;
				LD_RUNPATH_SEARCH_PATHS = "$(inherited) @executable_path/Frameworks @loader_path/Frameworks";
				PRODUCT_BUNDLE_IDENTIFIER = com.cts.apps.SeatAllocationUITests;
				PRODUCT_NAME = "$(TARGET_NAME)";
				TEST_TARGET_NAME = SeatAllocation;
			};
			name = Release;
		};
/* End XCBuildConfiguration section */

/* Begin XCConfigurationList section */
		77693E521CF6CE9700007473 /* Build configuration list for PBXProject "SeatAllocation" */ = {
			isa = XCConfigurationList;
			buildConfigurations = (
				77693E801CF6CE9800007473 /* Debug */,
				77693E811CF6CE9800007473 /* Release */,
			);
			defaultConfigurationIsVisible = 0;
			defaultConfigurationName = Release;
		};
		77693E821CF6CE9800007473 /* Build configuration list for PBXNativeTarget "SeatAllocation" */ = {
			isa = XCConfigurationList;
			buildConfigurations = (
				77693E831CF6CE9800007473 /* Debug */,
				77693E841CF6CE9800007473 /* Release */,
			);
			defaultConfigurationIsVisible = 0;
			defaultConfigurationName = Release;
		};
		77693E851CF6CE9800007473 /* Build configuration list for PBXNativeTarget "SeatAllocationTests" */ = {
			isa = XCConfigurationList;
			buildConfigurations = (
				77693E861CF6CE9800007473 /* Debug */,
				77693E871CF6CE9800007473 /* Release */,
			);
			defaultConfigurationIsVisible = 0;
			defaultConfigurationName = Release;
		};
		77693E881CF6CE9800007473 /* Build configuration list for PBXNativeTarget "SeatAllocationUITests" */ = {
			isa = XCConfigurationList;
			buildConfigurations = (
				77693E891CF6CE9800007473 /* Debug */,
				77693E8A1CF6CE9800007473 /* Release */,
			);
			defaultConfigurationIsVisible = 0;
			defaultConfigurationName = Release;
		};
/* End XCConfigurationList section */

/* Begin XCVersionGroup section */
		77693E611CF6CE9800007473 /* SeatAllocation.xcdatamodeld */ = {
			isa = XCVersionGroup;
			children = (
				77693E621CF6CE9800007473 /* SeatAllocation.xcdatamodel */,
			);
			currentVersion = 77693E621CF6CE9800007473 /* SeatAllocation.xcdatamodel */;
			path = SeatAllocation.xcdatamodeld;
			sourceTree = "<group>";
			versionGroupType = wrapper.xcdatamodel;
		};
/* End XCVersionGroup section */
	};
	rootObject = 77693E4F1CF6CE9700007473 /* Project object */;
}
